// !$*UTF8*$!
{
	archiveVersion = 1;
	classes = {
	};
	objectVersion = 55;
	objects = {

/* Begin PBXBuildFile section */
		9969D4702852809F0090A50D /* AppDelegate.swift in Sources */ = {isa = PBXBuildFile; fileRef = 9969D46F2852809F0090A50D /* AppDelegate.swift */; };
		9969D4722852809F0090A50D /* SceneDelegate.swift in Sources */ = {isa = PBXBuildFile; fileRef = 9969D4712852809F0090A50D /* SceneDelegate.swift */; };
		9969D4742852809F0090A50D /* ViewController.swift in Sources */ = {isa = PBXBuildFile; fileRef = 9969D4732852809F0090A50D /* ViewController.swift */; };
		9969D4772852809F0090A50D /* Main.storyboard in Resources */ = {isa = PBXBuildFile; fileRef = 9969D4752852809F0090A50D /* Main.storyboard */; };
		9969D479285280A10090A50D /* Assets.xcassets in Resources */ = {isa = PBXBuildFile; fileRef = 9969D478285280A10090A50D /* Assets.xcassets */; };
		9969D47C285280A10090A50D /* LaunchScreen.storyboard in Resources */ = {isa = PBXBuildFile; fileRef = 9969D47A285280A10090A50D /* LaunchScreen.storyboard */; };
		9969D485285283A50090A50D /* CollectionViewCell.swift in Sources */ = {isa = PBXBuildFile; fileRef = 9969D483285283A50090A50D /* CollectionViewCell.swift */; };
		9969D486285283A50090A50D /* CollectionViewCell.xib in Resources */ = {isa = PBXBuildFile; fileRef = 9969D484285283A50090A50D /* CollectionViewCell.xib */; };
		999E2C3128593A25002716D6 /* WebService.swift in Sources */ = {isa = PBXBuildFile; fileRef = 999E2C3028593A25002716D6 /* WebService.swift */; };
		999E2C3328593AAE002716D6 /* CryptoListViewModel.swift in Sources */ = {isa = PBXBuildFile; fileRef = 999E2C3228593AAE002716D6 /* CryptoListViewModel.swift */; };
		99AB51562852978900AFED73 /* CryptoDataModel.swift in Sources */ = {isa = PBXBuildFile; fileRef = 99AB51552852978900AFED73 /* CryptoDataModel.swift */; };
/* End PBXBuildFile section */

/* Begin PBXFileReference section */
		9969D46C2852809F0090A50D /* Cryptofy.app */ = {isa = PBXFileReference; explicitFileType = wrapper.application; includeInIndex = 0; path = Cryptofy.app; sourceTree = BUILT_PRODUCTS_DIR; };
		9969D46F2852809F0090A50D /* AppDelegate.swift */ = {isa = PBXFileReference; lastKnownFileType = sourcecode.swift; path = AppDelegate.swift; sourceTree = "<group>"; };
		9969D4712852809F0090A50D /* SceneDelegate.swift */ = {isa = PBXFileReference; lastKnownFileType = sourcecode.swift; path = SceneDelegate.swift; sourceTree = "<group>"; };
		9969D4732852809F0090A50D /* ViewController.swift */ = {isa = PBXFileReference; lastKnownFileType = sourcecode.swift; path = ViewController.swift; sourceTree = "<group>"; };
		9969D4762852809F0090A50D /* Base */ = {isa = PBXFileReference; lastKnownFileType = file.storyboard; name = Base; path = Base.lproj/Main.storyboard; sourceTree = "<group>"; };
		9969D478285280A10090A50D /* Assets.xcassets */ = {isa = PBXFileReference; lastKnownFileType = folder.assetcatalog; path = Assets.xcassets; sourceTree = "<group>"; };
		9969D47B285280A10090A50D /* Base */ = {isa = PBXFileReference; lastKnownFileType = file.storyboard; name = Base; path = Base.lproj/LaunchScreen.storyboard; sourceTree = "<group>"; };
		9969D47D285280A10090A50D /* Info.plist */ = {isa = PBXFileReference; lastKnownFileType = text.plist.xml; path = Info.plist; sourceTree = "<group>"; };
		9969D483285283A50090A50D /* CollectionViewCell.swift */ = {isa = PBXFileReference; lastKnownFileType = sourcecode.swift; path = CollectionViewCell.swift; sourceTree = "<group>"; };
		9969D484285283A50090A50D /* CollectionViewCell.xib */ = {isa = PBXFileReference; lastKnownFileType = file.xib; path = CollectionViewCell.xib; sourceTree = "<group>"; };
		999E2C3028593A25002716D6 /* WebService.swift */ = {isa = PBXFileReference; lastKnownFileType = sourcecode.swift; path = WebService.swift; sourceTree = "<group>"; };
		999E2C3228593AAE002716D6 /* CryptoListViewModel.swift */ = {isa = PBXFileReference; lastKnownFileType = sourcecode.swift; path = CryptoListViewModel.swift; sourceTree = "<group>"; };
		99AB51552852978900AFED73 /* CryptoDataModel.swift */ = {isa = PBXFileReference; lastKnownFileType = sourcecode.swift; path = CryptoDataModel.swift; sourceTree = "<group>"; };
/* End PBXFileReference section */

/* Begin PBXFrameworksBuildPhase section */
		9969D4692852809F0090A50D /* Frameworks */ = {
			isa = PBXFrameworksBuildPhase;
			buildActionMask = 2147483647;
			files = (
			);
			runOnlyForDeploymentPostprocessing = 0;
		};
/* End PBXFrameworksBuildPhase section */

/* Begin PBXGroup section */
		9969D4632852809F0090A50D = {
			isa = PBXGroup;
			children = (
				9969D46E2852809F0090A50D /* Cryptofy */,
				9969D46D2852809F0090A50D /* Products */,
			);
			sourceTree = "<group>";
		};
		9969D46D2852809F0090A50D /* Products */ = {
			isa = PBXGroup;
			children = (
				9969D46C2852809F0090A50D /* Cryptofy.app */,
			);
			name = Products;
			sourceTree = "<group>";
		};
		9969D46E2852809F0090A50D /* Cryptofy */ = {
			isa = PBXGroup;
			children = (
				999E2C2F28593A08002716D6 /* Service */,
				999E2C2E285939FD002716D6 /* ViewModel */,
				999E2C2D285939E9002716D6 /* Model */,
				999E2C2C285939C2002716D6 /* View */,
				9969D4752852809F0090A50D /* Main.storyboard */,
				9969D478285280A10090A50D /* Assets.xcassets */,
				9969D47A285280A10090A50D /* LaunchScreen.storyboard */,
				9969D47D285280A10090A50D /* Info.plist */,
			);
			path = Cryptofy;
			sourceTree = "<group>";
		};
		999E2C2C285939C2002716D6 /* View */ = {
			isa = PBXGroup;
			children = (
				9969D46F2852809F0090A50D /* AppDelegate.swift */,
				9969D4712852809F0090A50D /* SceneDelegate.swift */,
				9969D4732852809F0090A50D /* ViewController.swift */,
				9969D483285283A50090A50D /* CollectionViewCell.swift */,
				9969D484285283A50090A50D /* CollectionViewCell.xib */,
			);
			path = View;
			sourceTree = "<group>";
		};
		999E2C2D285939E9002716D6 /* Model */ = {
			isa = PBXGroup;
			children = (
				99AB51552852978900AFED73 /* CryptoDataModel.swift */,
			);
			path = Model;
			sourceTree = "<group>";
		};
		999E2C2E285939FD002716D6 /* ViewModel */ = {
			isa = PBXGroup;
			children = (
				999E2C3228593AAE002716D6 /* CryptoListViewModel.swift */,
			);
			path = ViewModel;
			sourceTree = "<group>";
		};
		999E2C2F28593A08002716D6 /* Service */ = {
			isa = PBXGroup;
			children = (
				999E2C3028593A25002716D6 /* WebService.swift */,
			);
			path = Service;
			sourceTree = "<group>";
		};
/* End PBXGroup section */

/* Begin PBXNativeTarget section */
		9969D46B2852809F0090A50D /* Cryptofy */ = {
			isa = PBXNativeTarget;
			buildConfigurationList = 9969D480285280A10090A50D /* Build configuration list for PBXNativeTarget "Cryptofy" */;
			buildPhases = (
				9969D4682852809F0090A50D /* Sources */,
				9969D4692852809F0090A50D /* Frameworks */,
				9969D46A2852809F0090A50D /* Resources */,
			);
			buildRules = (
			);
			dependencies = (
			);
			name = Cryptofy;
			productName = Cryptofy;
			productReference = 9969D46C2852809F0090A50D /* Cryptofy.app */;
			productType = "com.apple.product-type.application";
		};
/* End PBXNativeTarget section */

/* Begin PBXProject section */
		9969D4642852809F0090A50D /* Project object */ = {
			isa = PBXProject;
			attributes = {
				BuildIndependentTargetsInParallel = 1;
				LastSwiftUpdateCheck = 1340;
				LastUpgradeCheck = 1340;
				TargetAttributes = {
					9969D46B2852809F0090A50D = {
						CreatedOnToolsVersion = 13.4;
					};
				};
			};
			buildConfigurationList = 9969D4672852809F0090A50D /* Build configuration list for PBXProject "Cryptofy" */;
			compatibilityVersion = "Xcode 13.0";
			developmentRegion = en;
			hasScannedForEncodings = 0;
			knownRegions = (
				en,
				Base,
			);
			mainGroup = 9969D4632852809F0090A50D;
			productRefGroup = 9969D46D2852809F0090A50D /* Products */;
			projectDirPath = "";
			projectRoot = "";
			targets = (
				9969D46B2852809F0090A50D /* Cryptofy */,
			);
		};
/* End PBXProject section */

/* Begin PBXResourcesBuildPhase section */
		9969D46A2852809F0090A50D /* Resources */ = {
			isa = PBXResourcesBuildPhase;
			buildActionMask = 2147483647;
			files = (
				9969D47C285280A10090A50D /* LaunchScreen.storyboard in Resources */,
				9969D479285280A10090A50D /* Assets.xcassets in Resources */,
				9969D486285283A50090A50D /* CollectionViewCell.xib in Resources */,
				9969D4772852809F0090A50D /* Main.storyboard in Resources */,
			);
			runOnlyForDeploymentPostprocessing = 0;
		};
/* End PBXResourcesBuildPhase section */

/* Begin PBXSourcesBuildPhase section */
		9969D4682852809F0090A50D /* Sources */ = {
			isa = PBXSourcesBuildPhase;
			buildActionMask = 2147483647;
			files = (
				999E2C3128593A25002716D6 /* WebService.swift in Sources */,
				9969D4742852809F0090A50D /* ViewController.swift in Sources */,
				9969D4702852809F0090A50D /* AppDelegate.swift in Sources */,
				999E2C3328593AAE002716D6 /* CryptoListViewModel.swift in Sources */,
				9969D485285283A50090A50D /* CollectionViewCell.swift in Sources */,
				99AB51562852978900AFED73 /* CryptoDataModel.swift in Sources */,
				9969D4722852809F0090A50D /* SceneDelegate.swift in Sources */,
			);
			runOnlyForDeploymentPostprocessing = 0;
		};
/* End PBXSourcesBuildPhase section */

/* Begin PBXVariantGroup section */
		9969D4752852809F0090A50D /* Main.storyboard */ = {
			isa = PBXVariantGroup;
			children = (
				9969D4762852809F0090A50D /* Base */,
			);
			name = Main.storyboard;
			sourceTree = "<group>";
		};
		9969D47A285280A10090A50D /* LaunchScreen.storyboard */ = {
			isa = PBXVariantGroup;
			children = (
				9969D47B285280A10090A50D /* Base */,
			);
			name = LaunchScreen.storyboard;
			sourceTree = "<group>";
		};
/* End PBXVariantGroup section */

/* Begin XCBuildConfiguration section */
		9969D47E285280A10090A50D /* Debug */ = {
			isa = XCBuildConfiguration;
			buildSettings = {
				ALWAYS_SEARCH_USER_PATHS = NO;
				CLANG_ANALYZER_NONNULL = YES;
				CLANG_ANALYZER_NUMBER_OBJECT_CONVERSION = YES_AGGRESSIVE;
				CLANG_CXX_LANGUAGE_STANDARD = "gnu++17";
				CLANG_ENABLE_MODULES = YES;
				CLANG_ENABLE_OBJC_ARC = YES;
				CLANG_ENABLE_OBJC_WEAK = YES;
				CLANG_WARN_BLOCK_CAPTURE_AUTORELEASING = YES;
				CLANG_WARN_BOOL_CONVERSION = YES;
				CLANG_WARN_COMMA = YES;
				CLANG_WARN_CONSTANT_CONVERSION = YES;
				CLANG_WARN_DEPRECATED_OBJC_IMPLEMENTATIONS = YES;
				CLANG_WARN_DIRECT_OBJC_ISA_USAGE = YES_ERROR;
				CLANG_WARN_DOCUMENTATION_COMMENTS = YES;
				CLANG_WARN_EMPTY_BODY = YES;
				CLANG_WARN_ENUM_CONVERSION = YES;
				CLANG_WARN_INFINITE_RECURSION = YES;
				CLANG_WARN_INT_CONVERSION = YES;
				CLANG_WARN_NON_LITERAL_NULL_CONVERSION = YES;
				CLANG_WARN_OBJC_IMPLICIT_RETAIN_SELF = YES;
				CLANG_WARN_OBJC_LITERAL_CONVERSION = YES;
				CLANG_WARN_OBJC_ROOT_CLASS = YES_ERROR;
				CLANG_WARN_QUOTED_INCLUDE_IN_FRAMEWORK_HEADER = YES;
				CLANG_WARN_RANGE_LOOP_ANALYSIS = YES;
				CLANG_WARN_STRICT_PROTOTYPES = YES;
				CLANG_WARN_SUSPICIOUS_MOVE = YES;
				CLANG_WARN_UNGUARDED_AVAILABILITY = YES_AGGRESSIVE;
				CLANG_WARN_UNREACHABLE_CODE = YES;
				CLANG_WARN__DUPLICATE_METHOD_MATCH = YES;
				COPY_PHASE_STRIP = NO;
				DEBUG_INFORMATION_FORMAT = dwarf;
				ENABLE_STRICT_OBJC_MSGSEND = YES;
				ENABLE_TESTABILITY = YES;
				GCC_C_LANGUAGE_STANDARD = gnu11;
				GCC_DYNAMIC_NO_PIC = NO;
				GCC_NO_COMMON_BLOCKS = YES;
				GCC_OPTIMIZATION_LEVEL = 0;
				GCC_PREPROCESSOR_DEFINITIONS = (
					"DEBUG=1",
					"$(inherited)",
				);
				GCC_WARN_64_TO_32_BIT_CONVERSION = YES;
				GCC_WARN_ABOUT_RETURN_TYPE = YES_ERROR;
				GCC_WARN_UNDECLARED_SELECTOR = YES;
				GCC_WARN_UNINITIALIZED_AUTOS = YES_AGGRESSIVE;
				GCC_WARN_UNUSED_FUNCTION = YES;
				GCC_WARN_UNUSED_VARIABLE = YES;
				IPHONEOS_DEPLOYMENT_TARGET = 15.5;
				MTL_ENABLE_DEBUG_INFO = INCLUDE_SOURCE;
				MTL_FAST_MATH = YES;
				ONLY_ACTIVE_ARCH = YES;
				SDKROOT = iphoneos;
				SWIFT_ACTIVE_COMPILATION_CONDITIONS = DEBUG;
				SWIFT_OPTIMIZATION_LEVEL = "-Onone";
			};
			name = Debug;
		};
		9969D47F285280A10090A50D /* Release */ = {
			isa = XCBuildConfiguration;
			buildSettings = {
				ALWAYS_SEARCH_USER_PATHS = NO;
				CLANG_ANALYZER_NONNULL = YES;
				CLANG_ANALYZER_NUMBER_OBJECT_CONVERSION = YES_AGGRESSIVE;
				CLANG_CXX_LANGUAGE_STANDARD = "gnu++17";
				CLANG_ENABLE_MODULES = YES;
				CLANG_ENABLE_OBJC_ARC = YES;
				CLANG_ENABLE_OBJC_WEAK = YES;
				CLANG_WARN_BLOCK_CAPTURE_AUTORELEASING = YES;
				CLANG_WARN_BOOL_CONVERSION = YES;
				CLANG_WARN_COMMA = YES;
				CLANG_WARN_CONSTANT_CONVERSION = YES;
				CLANG_WARN_DEPRECATED_OBJC_IMPLEMENTATIONS = YES;
				CLANG_WARN_DIRECT_OBJC_ISA_USAGE = YES_ERROR;
				CLANG_WARN_DOCUMENTATION_COMMENTS = YES;
				CLANG_WARN_EMPTY_BODY = YES;
				CLANG_WARN_ENUM_CONVERSION = YES;
				CLANG_WARN_INFINITE_RECURSION = YES;
				CLANG_WARN_INT_CONVERSION = YES;
				CLANG_WARN_NON_LITERAL_NULL_CONVERSION = YES;
				CLANG_WARN_OBJC_IMPLICIT_RETAIN_SELF = YES;
				CLANG_WARN_OBJC_LITERAL_CONVERSION = YES;
				CLANG_WARN_OBJC_ROOT_CLASS = YES_ERROR;
				CLANG_WARN_QUOTED_INCLUDE_IN_FRAMEWORK_HEADER = YES;
				CLANG_WARN_RANGE_LOOP_ANALYSIS = YES;
				CLANG_WARN_STRICT_PROTOTYPES = YES;
				CLANG_WARN_SUSPICIOUS_MOVE = YES;
				CLANG_WARN_UNGUARDED_AVAILABILITY = YES_AGGRESSIVE;
				CLANG_WARN_UNREACHABLE_CODE = YES;
				CLANG_WARN__DUPLICATE_METHOD_MATCH = YES;
				COPY_PHASE_STRIP = NO;
				DEBUG_INFORMATION_FORMAT = "dwarf-with-dsym";
				ENABLE_NS_ASSERTIONS = NO;
				ENABLE_STRICT_OBJC_MSGSEND = YES;
				GCC_C_LANGUAGE_STANDARD = gnu11;
				GCC_NO_COMMON_BLOCKS = YES;
				GCC_WARN_64_TO_32_BIT_CONVERSION = YES;
				GCC_WARN_ABOUT_RETURN_TYPE = YES_ERROR;
				GCC_WARN_UNDECLARED_SELECTOR = YES;
				GCC_WARN_UNINITIALIZED_AUTOS = YES_AGGRESSIVE;
				GCC_WARN_UNUSED_FUNCTION = YES;
				GCC_WARN_UNUSED_VARIABLE = YES;
				IPHONEOS_DEPLOYMENT_TARGET = 15.5;
				MTL_ENABLE_DEBUG_INFO = NO;
				MTL_FAST_MATH = YES;
				SDKROOT = iphoneos;
				SWIFT_COMPILATION_MODE = wholemodule;
				SWIFT_OPTIMIZATION_LEVEL = "-O";
				VALIDATE_PRODUCT = YES;
			};
			name = Release;
		};
		9969D481285280A10090A50D /* Debug */ = {
			isa = XCBuildConfiguration;
			buildSettings = {
				ASSETCATALOG_COMPILER_APPICON_NAME = AppIcon;
				ASSETCATALOG_COMPILER_GLOBAL_ACCENT_COLOR_NAME = AccentColor;
				CODE_SIGN_STYLE = Automatic;
				CURRENT_PROJECT_VERSION = 1;
				DEVELOPMENT_TEAM = RSATD8PP9R;
				GENERATE_INFOPLIST_FILE = YES;
				INFOPLIST_FILE = Cryptofy/Info.plist;
				INFOPLIST_KEY_UIApplicationSupportsIndirectInputEvents = YES;
				INFOPLIST_KEY_UILaunchStoryboardName = LaunchScreen;
				INFOPLIST_KEY_UIMainStoryboardFile = Main;
				INFOPLIST_KEY_UISupportedInterfaceOrientations_iPad = "UIInterfaceOrientationPortrait UIInterfaceOrientationPortraitUpsideDown UIInterfaceOrientationLandscapeLeft UIInterfaceOrientationLandscapeRight";
				INFOPLIST_KEY_UISupportedInterfaceOrientations_iPhone = "UIInterfaceOrientationPortrait UIInterfaceOrientationLandscapeLeft UIInterfaceOrientationLandscapeRight";
				LD_RUNPATH_SEARCH_PATHS = (
					"$(inherited)",
					"@executable_path/Frameworks",
				);
				MARKETING_VERSION = 1.0;
				PRODUCT_BUNDLE_IDENTIFIER = hpeksen.Cryptofy;
				PRODUCT_NAME = "$(TARGET_NAME)";
				SWIFT_EMIT_LOC_STRINGS = YES;
				SWIFT_VERSION = 5.0;
				TARGETED_DEVICE_FAMILY = "1,2";
			};
			name = Debug;
		};
		9969D482285280A10090A50D /* Release */ = {
			isa = XCBuildConfiguration;
			buildSettings = {
				ASSETCATALOG_COMPILER_APPICON_NAME = AppIcon;
				ASSETCATALOG_COMPILER_GLOBAL_ACCENT_COLOR_NAME = AccentColor;
				CODE_SIGN_STYLE = Automatic;
				CURRENT_PROJECT_VERSION = 1;
				DEVELOPMENT_TEAM = RSATD8PP9R;
				GENERATE_INFOPLIST_FILE = YES;
				INFOPLIST_FILE = Cryptofy/Info.plist;
				INFOPLIST_KEY_UIApplicationSupportsIndirectInputEvents = YES;
				INFOPLIST_KEY_UILaunchStoryboardName = LaunchScreen;
				INFOPLIST_KEY_UIMainStoryboardFile = Main;
				INFOPLIST_KEY_UISupportedInterfaceOrientations_iPad = "UIInterfaceOrientationPortrait UIInterfaceOrientationPortraitUpsideDown UIInterfaceOrientationLandscapeLeft UIInterfaceOrientationLandscapeRight";
				INFOPLIST_KEY_UISupportedInterfaceOrientations_iPhone = "UIInterfaceOrientationPortrait UIInterfaceOrientationLandscapeLeft UIInterfaceOrientationLandscapeRight";
				LD_RUNPATH_SEARCH_PATHS = (
					"$(inherited)",
					"@executable_path/Frameworks",
				);
				MARKETING_VERSION = 1.0;
				PRODUCT_BUNDLE_IDENTIFIER = hpeksen.Cryptofy;
				PRODUCT_NAME = "$(TARGET_NAME)";
				SWIFT_EMIT_LOC_STRINGS = YES;
				SWIFT_VERSION = 5.0;
				TARGETED_DEVICE_FAMILY = "1,2";
			};
			name = Release;
		};
/* End XCBuildConfiguration section */

/* Begin XCConfigurationList section */
		9969D4672852809F0090A50D /* Build configuration list for PBXProject "Cryptofy" */ = {
			isa = XCConfigurationList;
			buildConfigurations = (
				9969D47E285280A10090A50D /* Debug */,
				9969D47F285280A10090A50D /* Release */,
			);
			defaultConfigurationIsVisible = 0;
			defaultConfigurationName = Release;
		};
		9969D480285280A10090A50D /* Build configuration list for PBXNativeTarget "Cryptofy" */ = {
			isa = XCConfigurationList;
			buildConfigurations = (
				9969D481285280A10090A50D /* Debug */,
				9969D482285280A10090A50D /* Release */,
			);
			defaultConfigurationIsVisible = 0;
			defaultConfigurationName = Release;
		};
/* End XCConfigurationList section */
	};
	rootObject = 9969D4642852809F0090A50D /* Project object */;
}
